
Microsoft Visual Studio Solution File, Format Version 12.00
# Visual Studio Version 17
VisualStudioVersion = 17.7.34024.191
MinimumVisualStudioVersion = 10.0.40219.1
Project("{FAE04EC0-301F-11D3-BF4B-00C04F79EFBC}") = "Epicode_S1_L5_BackEnd_Project", "Epicode_S1_L5_BackEnd_Project\Epicode_S1_L5_BackEnd_Project.csproj", "{0DEDFE5B-D5F8-4716-9AB1-34D3A3629318}"
EndProject
Global
	GlobalSection(SolutionConfigurationPlatforms) = preSolution
		Debug|Any CPU = Debug|Any CPU
		Release|Any CPU = Release|Any CPU
	EndGlobalSection
	GlobalSection(ProjectConfigurationPlatforms) = postSolution
		{0DEDFE5B-D5F8-4716-9AB1-34D3A3629318}.Debug|Any CPU.ActiveCfg = Debug|Any CPU
		{0DEDFE5B-D5F8-4716-9AB1-34D3A3629318}.Debug|Any CPU.Build.0 = Debug|Any CPU
		{0DEDFE5B-D5F8-4716-9AB1-34D3A3629318}.Release|Any CPU.ActiveCfg = Release|Any CPU
		{0DEDFE5B-D5F8-4716-9AB1-34D3A3629318}.Release|Any CPU.Build.0 = Release|Any CPU
	EndGlobalSection
	GlobalSection(SolutionProperties) = preSolution
		HideSolutionNode = FALSE
	EndGlobalSection
	GlobalSection(ExtensibilityGlobals) = postSolution
		SolutionGuid = {A35CD7E8-B791-4C4D-AEDB-A7BE9A467611}
	EndGlobalSection
EndGlobal
